
Microsoft Visual Studio Solution File, Format Version 12.00
# Visual Studio Version 16
VisualStudioVersion = 16.0.30225.117
MinimumVisualStudioVersion = 10.0.40219.1
Project("{FAE04EC0-301F-11D3-BF4B-00C04F79EFBC}") = "String", "String\String.csproj", "{35B1DCFB-ED87-4718-9F14-DA8BC907D40E}"
EndProject
Global
	GlobalSection(SolutionConfigurationPlatforms) = preSolution
		Debug|Any CPU = Debug|Any CPU
		Release|Any CPU = Release|Any CPU
	EndGlobalSection
	GlobalSection(ProjectConfigurationPlatforms) = postSolution
		{35B1DCFB-ED87-4718-9F14-DA8BC907D40E}.Debug|Any CPU.ActiveCfg = Debug|Any CPU
		{35B1DCFB-ED87-4718-9F14-DA8BC907D40E}.Debug|Any CPU.Build.0 = Debug|Any CPU
		{35B1DCFB-ED87-4718-9F14-DA8BC907D40E}.Release|Any CPU.ActiveCfg = Release|Any CPU
		{35B1DCFB-ED87-4718-9F14-DA8BC907D40E}.Release|Any CPU.Build.0 = Release|Any CPU
	EndGlobalSection
	GlobalSection(SolutionProperties) = preSolution
		HideSolutionNode = FALSE
	EndGlobalSection
	GlobalSection(ExtensibilityGlobals) = postSolution
		SolutionGuid = {3B1A809D-8168-490C-90A5-2CA24A95E9A3}
	EndGlobalSection
EndGlobal
