
Microsoft Visual Studio Solution File, Format Version 12.00
# Visual Studio Version 16
VisualStudioVersion = 16.0.30225.117
MinimumVisualStudioVersion = 10.0.40219.1
Project("{FAE04EC0-301F-11D3-BF4B-00C04F79EFBC}") = "Other Question", "Other Question\Other Question.csproj", "{1051CB91-032A-4D85-A7A9-48F7A3C4E250}"
EndProject
Global
	GlobalSection(SolutionConfigurationPlatforms) = preSolution
		Debug|Any CPU = Debug|Any CPU
		Release|Any CPU = Release|Any CPU
	EndGlobalSection
	GlobalSection(ProjectConfigurationPlatforms) = postSolution
		{1051CB91-032A-4D85-A7A9-48F7A3C4E250}.Debug|Any CPU.ActiveCfg = Debug|Any CPU
		{1051CB91-032A-4D85-A7A9-48F7A3C4E250}.Debug|Any CPU.Build.0 = Debug|Any CPU
		{1051CB91-032A-4D85-A7A9-48F7A3C4E250}.Release|Any CPU.ActiveCfg = Release|Any CPU
		{1051CB91-032A-4D85-A7A9-48F7A3C4E250}.Release|Any CPU.Build.0 = Release|Any CPU
	EndGlobalSection
	GlobalSection(SolutionProperties) = preSolution
		HideSolutionNode = FALSE
	EndGlobalSection
	GlobalSection(ExtensibilityGlobals) = postSolution
		SolutionGuid = {3BC2530C-B2E3-433A-A650-65BE2C632EB2}
	EndGlobalSection
EndGlobal
